
Microsoft Visual Studio Solution File, Format Version 12.00
# Visual Studio Version 16
VisualStudioVersion = 16.0.31424.327
MinimumVisualStudioVersion = 10.0.40219.1
Project("{8BC9CEB8-8B4A-11D0-8D11-00A0C91BC942}") = "HomeWork_20210716_pi", "HomeWork_20210719\HomeWork_20210719.vcxproj", "{C0FA14AB-3195-4843-B94D-99B76378AEAA}"
EndProject
Project("{8BC9CEB8-8B4A-11D0-8D11-00A0C91BC942}") = "HomeWork_20210716_10871", "HomeWork_20210716_10871\HomeWork_20210716_10871.vcxproj", "{4FDEE7B9-53B3-40CE-A8F7-36CECE6144DB}"
EndProject
Project("{8BC9CEB8-8B4A-11D0-8D11-00A0C91BC942}") = "HomeWork_20210716_getMax", "HomeWork_20210716_getMax\HomeWork_20210716_getMax.vcxproj", "{0A125D43-27AD-4B88-A5BA-30D4315CCCE0}"
EndProject
Project("{8BC9CEB8-8B4A-11D0-8D11-00A0C91BC942}") = "HomeWork_20210716_getMin", "HomeWork_20210716_getMin\HomeWork_20210716_getMin.vcxproj", "{6345D9B5-EC47-4084-956F-2A7426055752}"
EndProject
Project("{8BC9CEB8-8B4A-11D0-8D11-00A0C91BC942}") = "HomeWork_20210716_swap", "HomeWork_20210716_swap\HomeWork_20210716_swap.vcxproj", "{948EEE5E-57F5-463F-84A4-F977B947A2C4}"
EndProject
Project("{8BC9CEB8-8B4A-11D0-8D11-00A0C91BC942}") = "HomeWork_20210716_1048", "HomeWork_20210716_1048\HomeWork_20210716_1048.vcxproj", "{69863242-82F8-4D3A-B522-4D0A02FBA2E4}"
EndProject
Project("{8BC9CEB8-8B4A-11D0-8D11-00A0C91BC942}") = "HomeWork_20210722_1064", "HomeWork_20210722_1064\HomeWork_20210722_1064.vcxproj", "{461A5FDE-9635-4E86-A63B-BDC9C10964F3}"
EndProject
Project("{8BC9CEB8-8B4A-11D0-8D11-00A0C91BC942}") = "HomeWork_20210716_3053", "HomeWork_20210716_3053\HomeWork_20210716_3053.vcxproj", "{26211B41-C27C-4AD3-82F3-AF14FF3E4760}"
EndProject
Project("{8BC9CEB8-8B4A-11D0-8D11-00A0C91BC942}") = "HomeWork_20210716_8958", "HomeWork_20210716_8958\HomeWork_20210716_8958.vcxproj", "{F59749C6-AE03-4E46-8A12-6274A4503B72}"
EndProject
Project("{8BC9CEB8-8B4A-11D0-8D11-00A0C91BC942}") = "HomeWork_20210716_cal", "HomeWork_20210716_cal\HomeWork_20210716_cal.vcxproj", "{774B1934-EF38-4018-B4E4-FFD8300835FD}"
EndProject
Global
	GlobalSection(SolutionConfigurationPlatforms) = preSolution
		Debug|x64 = Debug|x64
		Debug|x86 = Debug|x86
		Release|x64 = Release|x64
		Release|x86 = Release|x86
	EndGlobalSection
	GlobalSection(ProjectConfigurationPlatforms) = postSolution
		{C0FA14AB-3195-4843-B94D-99B76378AEAA}.Debug|x64.ActiveCfg = Debug|x64
		{C0FA14AB-3195-4843-B94D-99B76378AEAA}.Debug|x64.Build.0 = Debug|x64
		{C0FA14AB-3195-4843-B94D-99B76378AEAA}.Debug|x86.ActiveCfg = Debug|Win32
		{C0FA14AB-3195-4843-B94D-99B76378AEAA}.Debug|x86.Build.0 = Debug|Win32
		{C0FA14AB-3195-4843-B94D-99B76378AEAA}.Release|x64.ActiveCfg = Release|x64
		{C0FA14AB-3195-4843-B94D-99B76378AEAA}.Release|x64.Build.0 = Release|x64
		{C0FA14AB-3195-4843-B94D-99B76378AEAA}.Release|x86.ActiveCfg = Release|Win32
		{C0FA14AB-3195-4843-B94D-99B76378AEAA}.Release|x86.Build.0 = Release|Win32
		{4FDEE7B9-53B3-40CE-A8F7-36CECE6144DB}.Debug|x64.ActiveCfg = Debug|x64
		{4FDEE7B9-53B3-40CE-A8F7-36CECE6144DB}.Debug|x64.Build.0 = Debug|x64
		{4FDEE7B9-53B3-40CE-A8F7-36CECE6144DB}.Debug|x86.ActiveCfg = Debug|Win32
		{4FDEE7B9-53B3-40CE-A8F7-36CECE6144DB}.Debug|x86.Build.0 = Debug|Win32
		{4FDEE7B9-53B3-40CE-A8F7-36CECE6144DB}.Release|x64.ActiveCfg = Release|x64
		{4FDEE7B9-53B3-40CE-A8F7-36CECE6144DB}.Release|x64.Build.0 = Release|x64
		{4FDEE7B9-53B3-40CE-A8F7-36CECE6144DB}.Release|x86.ActiveCfg = Release|Win32
		{4FDEE7B9-53B3-40CE-A8F7-36CECE6144DB}.Release|x86.Build.0 = Release|Win32
		{0A125D43-27AD-4B88-A5BA-30D4315CCCE0}.Debug|x64.ActiveCfg = Debug|x64
		{0A125D43-27AD-4B88-A5BA-30D4315CCCE0}.Debug|x64.Build.0 = Debug|x64
		{0A125D43-27AD-4B88-A5BA-30D4315CCCE0}.Debug|x86.ActiveCfg = Debug|Win32
		{0A125D43-27AD-4B88-A5BA-30D4315CCCE0}.Debug|x86.Build.0 = Debug|Win32
		{0A125D43-27AD-4B88-A5BA-30D4315CCCE0}.Release|x64.ActiveCfg = Release|x64
		{0A125D43-27AD-4B88-A5BA-30D4315CCCE0}.Release|x64.Build.0 = Release|x64
		{0A125D43-27AD-4B88-A5BA-30D4315CCCE0}.Release|x86.ActiveCfg = Release|Win32
		{0A125D43-27AD-4B88-A5BA-30D4315CCCE0}.Release|x86.Build.0 = Release|Win32
		{6345D9B5-EC47-4084-956F-2A7426055752}.Debug|x64.ActiveCfg = Debug|x64
		{6345D9B5-EC47-4084-956F-2A7426055752}.Debug|x64.Build.0 = Debug|x64
		{6345D9B5-EC47-4084-956F-2A7426055752}.Debug|x86.ActiveCfg = Debug|Win32
		{6345D9B5-EC47-4084-956F-2A7426055752}.Debug|x86.Build.0 = Debug|Win32
		{6345D9B5-EC47-4084-956F-2A7426055752}.Release|x64.ActiveCfg = Release|x64
		{6345D9B5-EC47-4084-956F-2A7426055752}.Release|x64.Build.0 = Release|x64
		{6345D9B5-EC47-4084-956F-2A7426055752}.Release|x86.ActiveCfg = Release|Win32
		{6345D9B5-EC47-4084-956F-2A7426055752}.Release|x86.Build.0 = Release|Win32
		{948EEE5E-57F5-463F-84A4-F977B947A2C4}.Debug|x64.ActiveCfg = Debug|x64
		{948EEE5E-57F5-463F-84A4-F977B947A2C4}.Debug|x64.Build.0 = Debug|x64
		{948EEE5E-57F5-463F-84A4-F977B947A2C4}.Debug|x86.ActiveCfg = Debug|Win32
		{948EEE5E-57F5-463F-84A4-F977B947A2C4}.Debug|x86.Build.0 = Debug|Win32
		{948EEE5E-57F5-463F-84A4-F977B947A2C4}.Release|x64.ActiveCfg = Release|x64
		{948EEE5E-57F5-463F-84A4-F977B947A2C4}.Release|x64.Build.0 = Release|x64
		{948EEE5E-57F5-463F-84A4-F977B947A2C4}.Release|x86.ActiveCfg = Release|Win32
		{948EEE5E-57F5-463F-84A4-F977B947A2C4}.Release|x86.Build.0 = Release|Win32
		{69863242-82F8-4D3A-B522-4D0A02FBA2E4}.Debug|x64.ActiveCfg = Debug|x64
		{69863242-82F8-4D3A-B522-4D0A02FBA2E4}.Debug|x64.Build.0 = Debug|x64
		{69863242-82F8-4D3A-B522-4D0A02FBA2E4}.Debug|x86.ActiveCfg = Debug|Win32
		{69863242-82F8-4D3A-B522-4D0A02FBA2E4}.Debug|x86.Build.0 = Debug|Win32
		{69863242-82F8-4D3A-B522-4D0A02FBA2E4}.Release|x64.ActiveCfg = Release|x64
		{69863242-82F8-4D3A-B522-4D0A02FBA2E4}.Release|x64.Build.0 = Release|x64
		{69863242-82F8-4D3A-B522-4D0A02FBA2E4}.Release|x86.ActiveCfg = Release|Win32
		{69863242-82F8-4D3A-B522-4D0A02FBA2E4}.Release|x86.Build.0 = Release|Win32
		{461A5FDE-9635-4E86-A63B-BDC9C10964F3}.Debug|x64.ActiveCfg = Debug|x64
		{461A5FDE-9635-4E86-A63B-BDC9C10964F3}.Debug|x64.Build.0 = Debug|x64
		{461A5FDE-9635-4E86-A63B-BDC9C10964F3}.Debug|x86.ActiveCfg = Debug|Win32
		{461A5FDE-9635-4E86-A63B-BDC9C10964F3}.Debug|x86.Build.0 = Debug|Win32
		{461A5FDE-9635-4E86-A63B-BDC9C10964F3}.Release|x64.ActiveCfg = Release|x64
		{461A5FDE-9635-4E86-A63B-BDC9C10964F3}.Release|x64.Build.0 = Release|x64
		{461A5FDE-9635-4E86-A63B-BDC9C10964F3}.Release|x86.ActiveCfg = Release|Win32
		{461A5FDE-9635-4E86-A63B-BDC9C10964F3}.Release|x86.Build.0 = Release|Win32
		{26211B41-C27C-4AD3-82F3-AF14FF3E4760}.Debug|x64.ActiveCfg = Debug|x64
		{26211B41-C27C-4AD3-82F3-AF14FF3E4760}.Debug|x64.Build.0 = Debug|x64
		{26211B41-C27C-4AD3-82F3-AF14FF3E4760}.Debug|x86.ActiveCfg = Debug|Win32
		{26211B41-C27C-4AD3-82F3-AF14FF3E4760}.Debug|x86.Build.0 = Debug|Win32
		{26211B41-C27C-4AD3-82F3-AF14FF3E4760}.Release|x64.ActiveCfg = Release|x64
		{26211B41-C27C-4AD3-82F3-AF14FF3E4760}.Release|x64.Build.0 = Release|x64
		{26211B41-C27C-4AD3-82F3-AF14FF3E4760}.Release|x86.ActiveCfg = Release|Win32
		{26211B41-C27C-4AD3-82F3-AF14FF3E4760}.Release|x86.Build.0 = Release|Win32
		{F59749C6-AE03-4E46-8A12-6274A4503B72}.Debug|x64.ActiveCfg = Debug|x64
		{F59749C6-AE03-4E46-8A12-6274A4503B72}.Debug|x64.Build.0 = Debug|x64
		{F59749C6-AE03-4E46-8A12-6274A4503B72}.Debug|x86.ActiveCfg = Debug|Win32
		{F59749C6-AE03-4E46-8A12-6274A4503B72}.Debug|x86.Build.0 = Debug|Win32
		{F59749C6-AE03-4E46-8A12-6274A4503B72}.Release|x64.ActiveCfg = Release|x64
		{F59749C6-AE03-4E46-8A12-6274A4503B72}.Release|x64.Build.0 = Release|x64
		{F59749C6-AE03-4E46-8A12-6274A4503B72}.Release|x86.ActiveCfg = Release|Win32
		{F59749C6-AE03-4E46-8A12-6274A4503B72}.Release|x86.Build.0 = Release|Win32
		{774B1934-EF38-4018-B4E4-FFD8300835FD}.Debug|x64.ActiveCfg = Debug|x64
		{774B1934-EF38-4018-B4E4-FFD8300835FD}.Debug|x64.Build.0 = Debug|x64
		{774B1934-EF38-4018-B4E4-FFD8300835FD}.Debug|x86.ActiveCfg = Debug|Win32
		{774B1934-EF38-4018-B4E4-FFD8300835FD}.Debug|x86.Build.0 = Debug|Win32
		{774B1934-EF38-4018-B4E4-FFD8300835FD}.Release|x64.ActiveCfg = Release|x64
		{774B1934-EF38-4018-B4E4-FFD8300835FD}.Release|x64.Build.0 = Release|x64
		{774B1934-EF38-4018-B4E4-FFD8300835FD}.Release|x86.ActiveCfg = Release|Win32
		{774B1934-EF38-4018-B4E4-FFD8300835FD}.Release|x86.Build.0 = Release|Win32
	EndGlobalSection
	GlobalSection(SolutionProperties) = preSolution
		HideSolutionNode = FALSE
	EndGlobalSection
	GlobalSection(ExtensibilityGlobals) = postSolution
		SolutionGuid = {99A87E66-AFF2-401C-A092-A87DD22A1C16}
	EndGlobalSection
EndGlobal
