
Microsoft Visual Studio Solution File, Format Version 12.00
# Visual Studio Version 16
VisualStudioVersion = 16.0.31410.357
MinimumVisualStudioVersion = 10.0.40219.1
Project("{8BC9CEB8-8B4A-11D0-8D11-00A0C91BC942}") = "HomeWork_20210709", "HomeWork_20210709\HomeWork_20210709.vcxproj", "{F91B9267-03AF-42AF-B53D-3298F9675B07}"
EndProject
Project("{8BC9CEB8-8B4A-11D0-8D11-00A0C91BC942}") = "HomeWork_20210709_23", "HomeWork_20210709_23\HomeWork_20210709_23.vcxproj", "{AAD4B98F-4916-434B-8B96-711B7A9EB727}"
EndProject
Project("{8BC9CEB8-8B4A-11D0-8D11-00A0C91BC942}") = "HomeWork_20210709_cal", "HomeWork_20210709_1\HomeWork_20210709_1.vcxproj", "{3D9E7386-839C-4ABC-ABAE-B968287E7904}"
EndProject
Project("{8BC9CEB8-8B4A-11D0-8D11-00A0C91BC942}") = "HomeWork_20210709_grade", "HomeWork_20210709_grade\HomeWork_20210709_grade.vcxproj", "{D3C18CFE-67AB-43FC-A4A3-47EBD4139CA2}"
EndProject
Project("{8BC9CEB8-8B4A-11D0-8D11-00A0C91BC942}") = "HomeWork_20210709_letter", "HomeWork_20210709_letter\HomeWork_20210709_letter.vcxproj", "{E0955932-E7DE-4177-B221-1F86164BC58D}"
EndProject
Project("{8BC9CEB8-8B4A-11D0-8D11-00A0C91BC942}") = "HomeWork_20210709_letter2", "HomeWork_20210702_letter2\HomeWork_20210702_letter2.vcxproj", "{51348B6C-783F-4222-8624-0CA69C5EEAEC}"
EndProject
Project("{8BC9CEB8-8B4A-11D0-8D11-00A0C91BC942}") = "HomeWork_20210709_swap", "HomeWork_20210709_swap\HomeWork_20210709_swap.vcxproj", "{7B49FD80-7A38-42B3-836B-448828EC1B4D}"
EndProject
Project("{8BC9CEB8-8B4A-11D0-8D11-00A0C91BC942}") = "HomeWork_20210709_factorial", "HomeWork_20210709_factorial\HomeWork_20210709_factorial.vcxproj", "{D8012EC2-1791-40B2-86BF-AF2D838F5C3C}"
EndProject
Project("{8BC9CEB8-8B4A-11D0-8D11-00A0C91BC942}") = "HomeWork_20210709_sigma", "HomeWork_20210709_sigma\HomeWork_20210709_sigma.vcxproj", "{B43D14B7-90BD-41C0-858F-4923A80CB339}"
EndProject
Project("{8BC9CEB8-8B4A-11D0-8D11-00A0C91BC942}") = "HomeWork_20210709_combination", "HomeWork_20210709_combination\HomeWork_20210709_combination.vcxproj", "{412BC0E2-8D8F-424F-A623-C595521F8B69}"
EndProject
Project("{8BC9CEB8-8B4A-11D0-8D11-00A0C91BC942}") = "HomeWork_20210709_sigma2", "HomeWork_20210709_sigma2\HomeWork_20210709_sigma2.vcxproj", "{17DA6B31-D9D2-4BEC-9BF3-9F724259F306}"
EndProject
Project("{8BC9CEB8-8B4A-11D0-8D11-00A0C91BC942}") = "HomeWork_20210709_1408", "HomeWork_20210709_1408\HomeWork_20210709_1408.vcxproj", "{45FBB7BD-E5FC-4D2D-8D01-0605343EE2B5}"
EndProject
Project("{8BC9CEB8-8B4A-11D0-8D11-00A0C91BC942}") = "HomeWork_20210709_1171", "HomeWork_20210709_1171\HomeWork_20210709_1171.vcxproj", "{6DDA3C7C-5AF9-4DBD-B682-C57169B9D561}"
EndProject
Project("{8BC9CEB8-8B4A-11D0-8D11-00A0C91BC942}") = "HomeWork_20210709_1229", "HomeWork_20210709_1229\HomeWork_20210709_1229.vcxproj", "{82E51845-1991-42E8-8250-583C7980C247}"
EndProject
Project("{8BC9CEB8-8B4A-11D0-8D11-00A0C91BC942}") = "HomeWork_20210709_2026", "HomeWork_20210709_2026\HomeWork_20210709_2026.vcxproj", "{796E394F-AE73-49BA-B189-B1EBCF11B4B4}"
EndProject
Global
	GlobalSection(SolutionConfigurationPlatforms) = preSolution
		Debug|x64 = Debug|x64
		Debug|x86 = Debug|x86
		Release|x64 = Release|x64
		Release|x86 = Release|x86
	EndGlobalSection
	GlobalSection(ProjectConfigurationPlatforms) = postSolution
		{F91B9267-03AF-42AF-B53D-3298F9675B07}.Debug|x64.ActiveCfg = Debug|x64
		{F91B9267-03AF-42AF-B53D-3298F9675B07}.Debug|x64.Build.0 = Debug|x64
		{F91B9267-03AF-42AF-B53D-3298F9675B07}.Debug|x86.ActiveCfg = Debug|Win32
		{F91B9267-03AF-42AF-B53D-3298F9675B07}.Debug|x86.Build.0 = Debug|Win32
		{F91B9267-03AF-42AF-B53D-3298F9675B07}.Release|x64.ActiveCfg = Release|x64
		{F91B9267-03AF-42AF-B53D-3298F9675B07}.Release|x64.Build.0 = Release|x64
		{F91B9267-03AF-42AF-B53D-3298F9675B07}.Release|x86.ActiveCfg = Release|Win32
		{F91B9267-03AF-42AF-B53D-3298F9675B07}.Release|x86.Build.0 = Release|Win32
		{AAD4B98F-4916-434B-8B96-711B7A9EB727}.Debug|x64.ActiveCfg = Debug|x64
		{AAD4B98F-4916-434B-8B96-711B7A9EB727}.Debug|x64.Build.0 = Debug|x64
		{AAD4B98F-4916-434B-8B96-711B7A9EB727}.Debug|x86.ActiveCfg = Debug|Win32
		{AAD4B98F-4916-434B-8B96-711B7A9EB727}.Debug|x86.Build.0 = Debug|Win32
		{AAD4B98F-4916-434B-8B96-711B7A9EB727}.Release|x64.ActiveCfg = Release|x64
		{AAD4B98F-4916-434B-8B96-711B7A9EB727}.Release|x64.Build.0 = Release|x64
		{AAD4B98F-4916-434B-8B96-711B7A9EB727}.Release|x86.ActiveCfg = Release|Win32
		{AAD4B98F-4916-434B-8B96-711B7A9EB727}.Release|x86.Build.0 = Release|Win32
		{3D9E7386-839C-4ABC-ABAE-B968287E7904}.Debug|x64.ActiveCfg = Debug|x64
		{3D9E7386-839C-4ABC-ABAE-B968287E7904}.Debug|x64.Build.0 = Debug|x64
		{3D9E7386-839C-4ABC-ABAE-B968287E7904}.Debug|x86.ActiveCfg = Debug|Win32
		{3D9E7386-839C-4ABC-ABAE-B968287E7904}.Debug|x86.Build.0 = Debug|Win32
		{3D9E7386-839C-4ABC-ABAE-B968287E7904}.Release|x64.ActiveCfg = Release|x64
		{3D9E7386-839C-4ABC-ABAE-B968287E7904}.Release|x64.Build.0 = Release|x64
		{3D9E7386-839C-4ABC-ABAE-B968287E7904}.Release|x86.ActiveCfg = Release|Win32
		{3D9E7386-839C-4ABC-ABAE-B968287E7904}.Release|x86.Build.0 = Release|Win32
		{D3C18CFE-67AB-43FC-A4A3-47EBD4139CA2}.Debug|x64.ActiveCfg = Debug|x64
		{D3C18CFE-67AB-43FC-A4A3-47EBD4139CA2}.Debug|x64.Build.0 = Debug|x64
		{D3C18CFE-67AB-43FC-A4A3-47EBD4139CA2}.Debug|x86.ActiveCfg = Debug|Win32
		{D3C18CFE-67AB-43FC-A4A3-47EBD4139CA2}.Debug|x86.Build.0 = Debug|Win32
		{D3C18CFE-67AB-43FC-A4A3-47EBD4139CA2}.Release|x64.ActiveCfg = Release|x64
		{D3C18CFE-67AB-43FC-A4A3-47EBD4139CA2}.Release|x64.Build.0 = Release|x64
		{D3C18CFE-67AB-43FC-A4A3-47EBD4139CA2}.Release|x86.ActiveCfg = Release|Win32
		{D3C18CFE-67AB-43FC-A4A3-47EBD4139CA2}.Release|x86.Build.0 = Release|Win32
		{E0955932-E7DE-4177-B221-1F86164BC58D}.Debug|x64.ActiveCfg = Debug|x64
		{E0955932-E7DE-4177-B221-1F86164BC58D}.Debug|x64.Build.0 = Debug|x64
		{E0955932-E7DE-4177-B221-1F86164BC58D}.Debug|x86.ActiveCfg = Debug|Win32
		{E0955932-E7DE-4177-B221-1F86164BC58D}.Debug|x86.Build.0 = Debug|Win32
		{E0955932-E7DE-4177-B221-1F86164BC58D}.Release|x64.ActiveCfg = Release|x64
		{E0955932-E7DE-4177-B221-1F86164BC58D}.Release|x64.Build.0 = Release|x64
		{E0955932-E7DE-4177-B221-1F86164BC58D}.Release|x86.ActiveCfg = Release|Win32
		{E0955932-E7DE-4177-B221-1F86164BC58D}.Release|x86.Build.0 = Release|Win32
		{51348B6C-783F-4222-8624-0CA69C5EEAEC}.Debug|x64.ActiveCfg = Debug|x64
		{51348B6C-783F-4222-8624-0CA69C5EEAEC}.Debug|x64.Build.0 = Debug|x64
		{51348B6C-783F-4222-8624-0CA69C5EEAEC}.Debug|x86.ActiveCfg = Debug|Win32
		{51348B6C-783F-4222-8624-0CA69C5EEAEC}.Debug|x86.Build.0 = Debug|Win32
		{51348B6C-783F-4222-8624-0CA69C5EEAEC}.Release|x64.ActiveCfg = Release|x64
		{51348B6C-783F-4222-8624-0CA69C5EEAEC}.Release|x64.Build.0 = Release|x64
		{51348B6C-783F-4222-8624-0CA69C5EEAEC}.Release|x86.ActiveCfg = Release|Win32
		{51348B6C-783F-4222-8624-0CA69C5EEAEC}.Release|x86.Build.0 = Release|Win32
		{7B49FD80-7A38-42B3-836B-448828EC1B4D}.Debug|x64.ActiveCfg = Debug|x64
		{7B49FD80-7A38-42B3-836B-448828EC1B4D}.Debug|x64.Build.0 = Debug|x64
		{7B49FD80-7A38-42B3-836B-448828EC1B4D}.Debug|x86.ActiveCfg = Debug|Win32
		{7B49FD80-7A38-42B3-836B-448828EC1B4D}.Debug|x86.Build.0 = Debug|Win32
		{7B49FD80-7A38-42B3-836B-448828EC1B4D}.Release|x64.ActiveCfg = Release|x64
		{7B49FD80-7A38-42B3-836B-448828EC1B4D}.Release|x64.Build.0 = Release|x64
		{7B49FD80-7A38-42B3-836B-448828EC1B4D}.Release|x86.ActiveCfg = Release|Win32
		{7B49FD80-7A38-42B3-836B-448828EC1B4D}.Release|x86.Build.0 = Release|Win32
		{D8012EC2-1791-40B2-86BF-AF2D838F5C3C}.Debug|x64.ActiveCfg = Debug|x64
		{D8012EC2-1791-40B2-86BF-AF2D838F5C3C}.Debug|x64.Build.0 = Debug|x64
		{D8012EC2-1791-40B2-86BF-AF2D838F5C3C}.Debug|x86.ActiveCfg = Debug|Win32
		{D8012EC2-1791-40B2-86BF-AF2D838F5C3C}.Debug|x86.Build.0 = Debug|Win32
		{D8012EC2-1791-40B2-86BF-AF2D838F5C3C}.Release|x64.ActiveCfg = Release|x64
		{D8012EC2-1791-40B2-86BF-AF2D838F5C3C}.Release|x64.Build.0 = Release|x64
		{D8012EC2-1791-40B2-86BF-AF2D838F5C3C}.Release|x86.ActiveCfg = Release|Win32
		{D8012EC2-1791-40B2-86BF-AF2D838F5C3C}.Release|x86.Build.0 = Release|Win32
		{B43D14B7-90BD-41C0-858F-4923A80CB339}.Debug|x64.ActiveCfg = Debug|x64
		{B43D14B7-90BD-41C0-858F-4923A80CB339}.Debug|x64.Build.0 = Debug|x64
		{B43D14B7-90BD-41C0-858F-4923A80CB339}.Debug|x86.ActiveCfg = Debug|Win32
		{B43D14B7-90BD-41C0-858F-4923A80CB339}.Debug|x86.Build.0 = Debug|Win32
		{B43D14B7-90BD-41C0-858F-4923A80CB339}.Release|x64.ActiveCfg = Release|x64
		{B43D14B7-90BD-41C0-858F-4923A80CB339}.Release|x64.Build.0 = Release|x64
		{B43D14B7-90BD-41C0-858F-4923A80CB339}.Release|x86.ActiveCfg = Release|Win32
		{B43D14B7-90BD-41C0-858F-4923A80CB339}.Release|x86.Build.0 = Release|Win32
		{412BC0E2-8D8F-424F-A623-C595521F8B69}.Debug|x64.ActiveCfg = Debug|x64
		{412BC0E2-8D8F-424F-A623-C595521F8B69}.Debug|x64.Build.0 = Debug|x64
		{412BC0E2-8D8F-424F-A623-C595521F8B69}.Debug|x86.ActiveCfg = Debug|Win32
		{412BC0E2-8D8F-424F-A623-C595521F8B69}.Debug|x86.Build.0 = Debug|Win32
		{412BC0E2-8D8F-424F-A623-C595521F8B69}.Release|x64.ActiveCfg = Release|x64
		{412BC0E2-8D8F-424F-A623-C595521F8B69}.Release|x64.Build.0 = Release|x64
		{412BC0E2-8D8F-424F-A623-C595521F8B69}.Release|x86.ActiveCfg = Release|Win32
		{412BC0E2-8D8F-424F-A623-C595521F8B69}.Release|x86.Build.0 = Release|Win32
		{17DA6B31-D9D2-4BEC-9BF3-9F724259F306}.Debug|x64.ActiveCfg = Debug|x64
		{17DA6B31-D9D2-4BEC-9BF3-9F724259F306}.Debug|x64.Build.0 = Debug|x64
		{17DA6B31-D9D2-4BEC-9BF3-9F724259F306}.Debug|x86.ActiveCfg = Debug|Win32
		{17DA6B31-D9D2-4BEC-9BF3-9F724259F306}.Debug|x86.Build.0 = Debug|Win32
		{17DA6B31-D9D2-4BEC-9BF3-9F724259F306}.Release|x64.ActiveCfg = Release|x64
		{17DA6B31-D9D2-4BEC-9BF3-9F724259F306}.Release|x64.Build.0 = Release|x64
		{17DA6B31-D9D2-4BEC-9BF3-9F724259F306}.Release|x86.ActiveCfg = Release|Win32
		{17DA6B31-D9D2-4BEC-9BF3-9F724259F306}.Release|x86.Build.0 = Release|Win32
		{45FBB7BD-E5FC-4D2D-8D01-0605343EE2B5}.Debug|x64.ActiveCfg = Debug|x64
		{45FBB7BD-E5FC-4D2D-8D01-0605343EE2B5}.Debug|x64.Build.0 = Debug|x64
		{45FBB7BD-E5FC-4D2D-8D01-0605343EE2B5}.Debug|x86.ActiveCfg = Debug|Win32
		{45FBB7BD-E5FC-4D2D-8D01-0605343EE2B5}.Debug|x86.Build.0 = Debug|Win32
		{45FBB7BD-E5FC-4D2D-8D01-0605343EE2B5}.Release|x64.ActiveCfg = Release|x64
		{45FBB7BD-E5FC-4D2D-8D01-0605343EE2B5}.Release|x64.Build.0 = Release|x64
		{45FBB7BD-E5FC-4D2D-8D01-0605343EE2B5}.Release|x86.ActiveCfg = Release|Win32
		{45FBB7BD-E5FC-4D2D-8D01-0605343EE2B5}.Release|x86.Build.0 = Release|Win32
		{6DDA3C7C-5AF9-4DBD-B682-C57169B9D561}.Debug|x64.ActiveCfg = Debug|x64
		{6DDA3C7C-5AF9-4DBD-B682-C57169B9D561}.Debug|x64.Build.0 = Debug|x64
		{6DDA3C7C-5AF9-4DBD-B682-C57169B9D561}.Debug|x86.ActiveCfg = Debug|Win32
		{6DDA3C7C-5AF9-4DBD-B682-C57169B9D561}.Debug|x86.Build.0 = Debug|Win32
		{6DDA3C7C-5AF9-4DBD-B682-C57169B9D561}.Release|x64.ActiveCfg = Release|x64
		{6DDA3C7C-5AF9-4DBD-B682-C57169B9D561}.Release|x64.Build.0 = Release|x64
		{6DDA3C7C-5AF9-4DBD-B682-C57169B9D561}.Release|x86.ActiveCfg = Release|Win32
		{6DDA3C7C-5AF9-4DBD-B682-C57169B9D561}.Release|x86.Build.0 = Release|Win32
		{82E51845-1991-42E8-8250-583C7980C247}.Debug|x64.ActiveCfg = Debug|x64
		{82E51845-1991-42E8-8250-583C7980C247}.Debug|x64.Build.0 = Debug|x64
		{82E51845-1991-42E8-8250-583C7980C247}.Debug|x86.ActiveCfg = Debug|Win32
		{82E51845-1991-42E8-8250-583C7980C247}.Debug|x86.Build.0 = Debug|Win32
		{82E51845-1991-42E8-8250-583C7980C247}.Release|x64.ActiveCfg = Release|x64
		{82E51845-1991-42E8-8250-583C7980C247}.Release|x64.Build.0 = Release|x64
		{82E51845-1991-42E8-8250-583C7980C247}.Release|x86.ActiveCfg = Release|Win32
		{82E51845-1991-42E8-8250-583C7980C247}.Release|x86.Build.0 = Release|Win32
		{796E394F-AE73-49BA-B189-B1EBCF11B4B4}.Debug|x64.ActiveCfg = Debug|x64
		{796E394F-AE73-49BA-B189-B1EBCF11B4B4}.Debug|x64.Build.0 = Debug|x64
		{796E394F-AE73-49BA-B189-B1EBCF11B4B4}.Debug|x86.ActiveCfg = Debug|Win32
		{796E394F-AE73-49BA-B189-B1EBCF11B4B4}.Debug|x86.Build.0 = Debug|Win32
		{796E394F-AE73-49BA-B189-B1EBCF11B4B4}.Release|x64.ActiveCfg = Release|x64
		{796E394F-AE73-49BA-B189-B1EBCF11B4B4}.Release|x64.Build.0 = Release|x64
		{796E394F-AE73-49BA-B189-B1EBCF11B4B4}.Release|x86.ActiveCfg = Release|Win32
		{796E394F-AE73-49BA-B189-B1EBCF11B4B4}.Release|x86.Build.0 = Release|Win32
	EndGlobalSection
	GlobalSection(SolutionProperties) = preSolution
		HideSolutionNode = FALSE
	EndGlobalSection
	GlobalSection(ExtensibilityGlobals) = postSolution
		SolutionGuid = {92938C04-B43A-4FBA-963A-271F750CA125}
	EndGlobalSection
EndGlobal
